// !$*UTF8*$!
{
	archiveVersion = 1;
	classes = {
	};
	objectVersion = 50;
	objects = {

/* Begin PBXBuildFile section */
		0902D9832508CA1500EB5912 /* Item.swift in Sources */ = {isa = PBXBuildFile; fileRef = 0902D9822508CA1500EB5912 /* Item.swift */; };
		09281CB3250417D400B86721 /* AppDelegate.swift in Sources */ = {isa = PBXBuildFile; fileRef = 09281CB2250417D400B86721 /* AppDelegate.swift */; };
		09281CB5250417D400B86721 /* SceneDelegate.swift in Sources */ = {isa = PBXBuildFile; fileRef = 09281CB4250417D400B86721 /* SceneDelegate.swift */; };
		09281CB7250417D400B86721 /* TodoViewController.swift in Sources */ = {isa = PBXBuildFile; fileRef = 09281CB6250417D400B86721 /* TodoViewController.swift */; };
		09281CBA250417D400B86721 /* Main.storyboard in Resources */ = {isa = PBXBuildFile; fileRef = 09281CB8250417D400B86721 /* Main.storyboard */; };
		09281CBC250417D500B86721 /* Assets.xcassets in Resources */ = {isa = PBXBuildFile; fileRef = 09281CBB250417D500B86721 /* Assets.xcassets */; };
		09281CBF250417D500B86721 /* LaunchScreen.storyboard in Resources */ = {isa = PBXBuildFile; fileRef = 09281CBD250417D500B86721 /* LaunchScreen.storyboard */; };
		09281CCA250417D500B86721 /* To_Do_ListTests.swift in Sources */ = {isa = PBXBuildFile; fileRef = 09281CC9250417D500B86721 /* To_Do_ListTests.swift */; };
		09281CD5250417D500B86721 /* To_Do_ListUITests.swift in Sources */ = {isa = PBXBuildFile; fileRef = 09281CD4250417D500B86721 /* To_Do_ListUITests.swift */; };
/* End PBXBuildFile section */

/* Begin PBXContainerItemProxy section */
		09281CC6250417D500B86721 /* PBXContainerItemProxy */ = {
			isa = PBXContainerItemProxy;
			containerPortal = 09281CA7250417D400B86721 /* Project object */;
			proxyType = 1;
			remoteGlobalIDString = 09281CAE250417D400B86721;
			remoteInfo = "To-Do-List";
		};
		09281CD1250417D500B86721 /* PBXContainerItemProxy */ = {
			isa = PBXContainerItemProxy;
			containerPortal = 09281CA7250417D400B86721 /* Project object */;
			proxyType = 1;
			remoteGlobalIDString = 09281CAE250417D400B86721;
			remoteInfo = "To-Do-List";
		};
/* End PBXContainerItemProxy section */

/* Begin PBXFileReference section */
		0902D9822508CA1500EB5912 /* Item.swift */ = {isa = PBXFileReference; lastKnownFileType = sourcecode.swift; path = Item.swift; sourceTree = "<group>"; };
		09281CAF250417D400B86721 /* To-Do-List.app */ = {isa = PBXFileReference; explicitFileType = wrapper.application; includeInIndex = 0; path = "To-Do-List.app"; sourceTree = BUILT_PRODUCTS_DIR; };
		09281CB2250417D400B86721 /* AppDelegate.swift */ = {isa = PBXFileReference; lastKnownFileType = sourcecode.swift; path = AppDelegate.swift; sourceTree = "<group>"; };
		09281CB4250417D400B86721 /* SceneDelegate.swift */ = {isa = PBXFileReference; lastKnownFileType = sourcecode.swift; path = SceneDelegate.swift; sourceTree = "<group>"; };
		09281CB6250417D400B86721 /* TodoViewController.swift */ = {isa = PBXFileReference; lastKnownFileType = sourcecode.swift; path = TodoViewController.swift; sourceTree = "<group>"; };
		09281CB9250417D400B86721 /* Base */ = {isa = PBXFileReference; lastKnownFileType = file.storyboard; name = Base; path = Base.lproj/Main.storyboard; sourceTree = "<group>"; };
		09281CBB250417D500B86721 /* Assets.xcassets */ = {isa = PBXFileReference; lastKnownFileType = folder.assetcatalog; path = Assets.xcassets; sourceTree = "<group>"; };
		09281CBE250417D500B86721 /* Base */ = {isa = PBXFileReference; lastKnownFileType = file.storyboard; name = Base; path = Base.lproj/LaunchScreen.storyboard; sourceTree = "<group>"; };
		09281CC0250417D500B86721 /* Info.plist */ = {isa = PBXFileReference; lastKnownFileType = text.plist.xml; path = Info.plist; sourceTree = "<group>"; };
		09281CC5250417D500B86721 /* To-Do-ListTests.xctest */ = {isa = PBXFileReference; explicitFileType = wrapper.cfbundle; includeInIndex = 0; path = "To-Do-ListTests.xctest"; sourceTree = BUILT_PRODUCTS_DIR; };
		09281CC9250417D500B86721 /* To_Do_ListTests.swift */ = {isa = PBXFileReference; lastKnownFileType = sourcecode.swift; path = To_Do_ListTests.swift; sourceTree = "<group>"; };
		09281CCB250417D500B86721 /* Info.plist */ = {isa = PBXFileReference; lastKnownFileType = text.plist.xml; path = Info.plist; sourceTree = "<group>"; };
		09281CD0250417D500B86721 /* To-Do-ListUITests.xctest */ = {isa = PBXFileReference; explicitFileType = wrapper.cfbundle; includeInIndex = 0; path = "To-Do-ListUITests.xctest"; sourceTree = BUILT_PRODUCTS_DIR; };
		09281CD4250417D500B86721 /* To_Do_ListUITests.swift */ = {isa = PBXFileReference; lastKnownFileType = sourcecode.swift; path = To_Do_ListUITests.swift; sourceTree = "<group>"; };
		09281CD6250417D500B86721 /* Info.plist */ = {isa = PBXFileReference; lastKnownFileType = text.plist.xml; path = Info.plist; sourceTree = "<group>"; };
/* End PBXFileReference section */

/* Begin PBXFrameworksBuildPhase section */
		09281CAC250417D400B86721 /* Frameworks */ = {
			isa = PBXFrameworksBuildPhase;
			buildActionMask = 2147483647;
			files = (
			);
			runOnlyForDeploymentPostprocessing = 0;
		};
		09281CC2250417D500B86721 /* Frameworks */ = {
			isa = PBXFrameworksBuildPhase;
			buildActionMask = 2147483647;
			files = (
			);
			runOnlyForDeploymentPostprocessing = 0;
		};
		09281CCD250417D500B86721 /* Frameworks */ = {
			isa = PBXFrameworksBuildPhase;
			buildActionMask = 2147483647;
			files = (
			);
			runOnlyForDeploymentPostprocessing = 0;
		};
/* End PBXFrameworksBuildPhase section */

/* Begin PBXGroup section */
		0902D97F2508C9D000EB5912 /* Controller */ = {
			isa = PBXGroup;
			children = (
				09281CB6250417D400B86721 /* TodoViewController.swift */,
			);
			path = Controller;
			sourceTree = "<group>";
		};
		0902D9802508C9E800EB5912 /* View */ = {
			isa = PBXGroup;
			children = (
				09281CB8250417D400B86721 /* Main.storyboard */,
			);
			path = View;
			sourceTree = "<group>";
		};
		0902D9812508CA0200EB5912 /* Model */ = {
			isa = PBXGroup;
			children = (
				0902D9822508CA1500EB5912 /* Item.swift */,
			);
			path = Model;
			sourceTree = "<group>";
		};
		09281CA6250417D400B86721 = {
			isa = PBXGroup;
			children = (
				09281CB1250417D400B86721 /* To-Do-List */,
				09281CC8250417D500B86721 /* To-Do-ListTests */,
				09281CD3250417D500B86721 /* To-Do-ListUITests */,
				09281CB0250417D400B86721 /* Products */,
			);
			sourceTree = "<group>";
		};
		09281CB0250417D400B86721 /* Products */ = {
			isa = PBXGroup;
			children = (
				09281CAF250417D400B86721 /* To-Do-List.app */,
				09281CC5250417D500B86721 /* To-Do-ListTests.xctest */,
				09281CD0250417D500B86721 /* To-Do-ListUITests.xctest */,
			);
			name = Products;
			sourceTree = "<group>";
		};
		09281CB1250417D400B86721 /* To-Do-List */ = {
			isa = PBXGroup;
			children = (
				09281CB2250417D400B86721 /* AppDelegate.swift */,
				09281CB4250417D400B86721 /* SceneDelegate.swift */,
				0902D9812508CA0200EB5912 /* Model */,
				0902D97F2508C9D000EB5912 /* Controller */,
				0902D9802508C9E800EB5912 /* View */,
				09281CBB250417D500B86721 /* Assets.xcassets */,
				09281CBD250417D500B86721 /* LaunchScreen.storyboard */,
				09281CC0250417D500B86721 /* Info.plist */,
			);
			path = "To-Do-List";
			sourceTree = "<group>";
		};
		09281CC8250417D500B86721 /* To-Do-ListTests */ = {
			isa = PBXGroup;
			children = (
				09281CC9250417D500B86721 /* To_Do_ListTests.swift */,
				09281CCB250417D500B86721 /* Info.plist */,
			);
			path = "To-Do-ListTests";
			sourceTree = "<group>";
		};
		09281CD3250417D500B86721 /* To-Do-ListUITests */ = {
			isa = PBXGroup;
			children = (
				09281CD4250417D500B86721 /* To_Do_ListUITests.swift */,
				09281CD6250417D500B86721 /* Info.plist */,
			);
			path = "To-Do-ListUITests";
			sourceTree = "<group>";
		};
/* End PBXGroup section */

/* Begin PBXNativeTarget section */
		09281CAE250417D400B86721 /* To-Do-List */ = {
			isa = PBXNativeTarget;
			buildConfigurationList = 09281CD9250417D500B86721 /* Build configuration list for PBXNativeTarget "To-Do-List" */;
			buildPhases = (
				09281CAB250417D400B86721 /* Sources */,
				09281CAC250417D400B86721 /* Frameworks */,
				09281CAD250417D400B86721 /* Resources */,
			);
			buildRules = (
			);
			dependencies = (
			);
			name = "To-Do-List";
			productName = "To-Do-List";
			productReference = 09281CAF250417D400B86721 /* To-Do-List.app */;
			productType = "com.apple.product-type.application";
		};
		09281CC4250417D500B86721 /* To-Do-ListTests */ = {
			isa = PBXNativeTarget;
			buildConfigurationList = 09281CDC250417D500B86721 /* Build configuration list for PBXNativeTarget "To-Do-ListTests" */;
			buildPhases = (
				09281CC1250417D500B86721 /* Sources */,
				09281CC2250417D500B86721 /* Frameworks */,
				09281CC3250417D500B86721 /* Resources */,
			);
			buildRules = (
			);
			dependencies = (
				09281CC7250417D500B86721 /* PBXTargetDependency */,
			);
			name = "To-Do-ListTests";
			productName = "To-Do-ListTests";
			productReference = 09281CC5250417D500B86721 /* To-Do-ListTests.xctest */;
			productType = "com.apple.product-type.bundle.unit-test";
		};
		09281CCF250417D500B86721 /* To-Do-ListUITests */ = {
			isa = PBXNativeTarget;
			buildConfigurationList = 09281CDF250417D500B86721 /* Build configuration list for PBXNativeTarget "To-Do-ListUITests" */;
			buildPhases = (
				09281CCC250417D500B86721 /* Sources */,
				09281CCD250417D500B86721 /* Frameworks */,
				09281CCE250417D500B86721 /* Resources */,
			);
			buildRules = (
			);
			dependencies = (
				09281CD2250417D500B86721 /* PBXTargetDependency */,
			);
			name = "To-Do-ListUITests";
			productName = "To-Do-ListUITests";
			productReference = 09281CD0250417D500B86721 /* To-Do-ListUITests.xctest */;
			productType = "com.apple.product-type.bundle.ui-testing";
		};
/* End PBXNativeTarget section */

/* Begin PBXProject section */
		09281CA7250417D400B86721 /* Project object */ = {
			isa = PBXProject;
			attributes = {
				LastSwiftUpdateCheck = 1160;
				LastUpgradeCheck = 1160;
				ORGANIZATIONNAME = "Yatharth Mahawar";
				TargetAttributes = {
					09281CAE250417D400B86721 = {
						CreatedOnToolsVersion = 11.6;
					};
					09281CC4250417D500B86721 = {
						CreatedOnToolsVersion = 11.6;
						TestTargetID = 09281CAE250417D400B86721;
					};
					09281CCF250417D500B86721 = {
						CreatedOnToolsVersion = 11.6;
						TestTargetID = 09281CAE250417D400B86721;
					};
				};
			};
			buildConfigurationList = 09281CAA250417D400B86721 /* Build configuration list for PBXProject "To-Do-List" */;
			compatibilityVersion = "Xcode 9.3";
			developmentRegion = en;
			hasScannedForEncodings = 0;
			knownRegions = (
				en,
				Base,
			);
			mainGroup = 09281CA6250417D400B86721;
			productRefGroup = 09281CB0250417D400B86721 /* Products */;
			projectDirPath = "";
			projectRoot = "";
			targets = (
				09281CAE250417D400B86721 /* To-Do-List */,
				09281CC4250417D500B86721 /* To-Do-ListTests */,
				09281CCF250417D500B86721 /* To-Do-ListUITests */,
			);
		};
/* End PBXProject section */

/* Begin PBXResourcesBuildPhase section */
		09281CAD250417D400B86721 /* Resources */ = {
			isa = PBXResourcesBuildPhase;
			buildActionMask = 2147483647;
			files = (
				09281CBF250417D500B86721 /* LaunchScreen.storyboard in Resources */,
				09281CBC250417D500B86721 /* Assets.xcassets in Resources */,
				09281CBA250417D400B86721 /* Main.storyboard in Resources */,
			);
			runOnlyForDeploymentPostprocessing = 0;
		};
		09281CC3250417D500B86721 /* Resources */ = {
			isa = PBXResourcesBuildPhase;
			buildActionMask = 2147483647;
			files = (
			);
			runOnlyForDeploymentPostprocessing = 0;
		};
		09281CCE250417D500B86721 /* Resources */ = {
			isa = PBXResourcesBuildPhase;
			buildActionMask = 2147483647;
			files = (
			);
			runOnlyForDeploymentPostprocessing = 0;
		};
/* End PBXResourcesBuildPhase section */

/* Begin PBXSourcesBuildPhase section */
		09281CAB250417D400B86721 /* Sources */ = {
			isa = PBXSourcesBuildPhase;
			buildActionMask = 2147483647;
			files = (
				0902D9832508CA1500EB5912 /* Item.swift in Sources */,
				09281CB7250417D400B86721 /* TodoViewController.swift in Sources */,
				09281CB3250417D400B86721 /* AppDelegate.swift in Sources */,
				09281CB5250417D400B86721 /* SceneDelegate.swift in Sources */,
			);
			runOnlyForDeploymentPostprocessing = 0;
		};
		09281CC1250417D500B86721 /* Sources */ = {
			isa = PBXSourcesBuildPhase;
			buildActionMask = 2147483647;
			files = (
				09281CCA250417D500B86721 /* To_Do_ListTests.swift in Sources */,
			);
			runOnlyForDeploymentPostprocessing = 0;
		};
		09281CCC250417D500B86721 /* Sources */ = {
			isa = PBXSourcesBuildPhase;
			buildActionMask = 2147483647;
			files = (
				09281CD5250417D500B86721 /* To_Do_ListUITests.swift in Sources */,
			);
			runOnlyForDeploymentPostprocessing = 0;
		};
/* End PBXSourcesBuildPhase section */

/* Begin PBXTargetDependency section */
		09281CC7250417D500B86721 /* PBXTargetDependency */ = {
			isa = PBXTargetDependency;
			target = 09281CAE250417D400B86721 /* To-Do-List */;
			targetProxy = 09281CC6250417D500B86721 /* PBXContainerItemProxy */;
		};
		09281CD2250417D500B86721 /* PBXTargetDependency */ = {
			isa = PBXTargetDependency;
			target = 09281CAE250417D400B86721 /* To-Do-List */;
			targetProxy = 09281CD1250417D500B86721 /* PBXContainerItemProxy */;
		};
/* End PBXTargetDependency section */

/* Begin PBXVariantGroup section */
		09281CB8250417D400B86721 /* Main.storyboard */ = {
			isa = PBXVariantGroup;
			children = (
				09281CB9250417D400B86721 /* Base */,
			);
			name = Main.storyboard;
			sourceTree = "<group>";
		};
		09281CBD250417D500B86721 /* LaunchScreen.storyboard */ = {
			isa = PBXVariantGroup;
			children = (
				09281CBE250417D500B86721 /* Base */,
			);
			name = LaunchScreen.storyboard;
			sourceTree = "<group>";
		};
/* End PBXVariantGroup section */

/* Begin XCBuildConfiguration section */
		09281CD7250417D500B86721 /* Debug */ = {
			isa = XCBuildConfiguration;
			buildSettings = {
				ALWAYS_SEARCH_USER_PATHS = NO;
				CLANG_ANALYZER_NONNULL = YES;
				CLANG_ANALYZER_NUMBER_OBJECT_CONVERSION = YES_AGGRESSIVE;
				CLANG_CXX_LANGUAGE_STANDARD = "gnu++14";
				CLANG_CXX_LIBRARY = "libc++";
				CLANG_ENABLE_MODULES = YES;
				CLANG_ENABLE_OBJC_ARC = YES;
				CLANG_ENABLE_OBJC_WEAK = YES;
				CLANG_WARN_BLOCK_CAPTURE_AUTORELEASING = YES;
				CLANG_WARN_BOOL_CONVERSION = YES;
				CLANG_WARN_COMMA = YES;
				CLANG_WARN_CONSTANT_CONVERSION = YES;
				CLANG_WARN_DEPRECATED_OBJC_IMPLEMENTATIONS = YES;
				CLANG_WARN_DIRECT_OBJC_ISA_USAGE = YES_ERROR;
				CLANG_WARN_DOCUMENTATION_COMMENTS = YES;
				CLANG_WARN_EMPTY_BODY = YES;
				CLANG_WARN_ENUM_CONVERSION = YES;
				CLANG_WARN_INFINITE_RECURSION = YES;
				CLANG_WARN_INT_CONVERSION = YES;
				CLANG_WARN_NON_LITERAL_NULL_CONVERSION = YES;
				CLANG_WARN_OBJC_IMPLICIT_RETAIN_SELF = YES;
				CLANG_WARN_OBJC_LITERAL_CONVERSION = YES;
				CLANG_WARN_OBJC_ROOT_CLASS = YES_ERROR;
				CLANG_WARN_RANGE_LOOP_ANALYSIS = YES;
				CLANG_WARN_STRICT_PROTOTYPES = YES;
				CLANG_WARN_SUSPICIOUS_MOVE = YES;
				CLANG_WARN_UNGUARDED_AVAILABILITY = YES_AGGRESSIVE;
				CLANG_WARN_UNREACHABLE_CODE = YES;
				CLANG_WARN__DUPLICATE_METHOD_MATCH = YES;
				COPY_PHASE_STRIP = NO;
				DEBUG_INFORMATION_FORMAT = dwarf;
				ENABLE_STRICT_OBJC_MSGSEND = YES;
				ENABLE_TESTABILITY = YES;
				GCC_C_LANGUAGE_STANDARD = gnu11;
				GCC_DYNAMIC_NO_PIC = NO;
				GCC_NO_COMMON_BLOCKS = YES;
				GCC_OPTIMIZATION_LEVEL = 0;
				GCC_PREPROCESSOR_DEFINITIONS = (
					"DEBUG=1",
					"$(inherited)",
				);
				GCC_WARN_64_TO_32_BIT_CONVERSION = YES;
				GCC_WARN_ABOUT_RETURN_TYPE = YES_ERROR;
				GCC_WARN_UNDECLARED_SELECTOR = YES;
				GCC_WARN_UNINITIALIZED_AUTOS = YES_AGGRESSIVE;
				GCC_WARN_UNUSED_FUNCTION = YES;
				GCC_WARN_UNUSED_VARIABLE = YES;
				IPHONEOS_DEPLOYMENT_TARGET = 13.6;
				MTL_ENABLE_DEBUG_INFO = INCLUDE_SOURCE;
				MTL_FAST_MATH = YES;
				ONLY_ACTIVE_ARCH = YES;
				SDKROOT = iphoneos;
				SWIFT_ACTIVE_COMPILATION_CONDITIONS = DEBUG;
				SWIFT_OPTIMIZATION_LEVEL = "-Onone";
			};
			name = Debug;
		};
		09281CD8250417D500B86721 /* Release */ = {
			isa = XCBuildConfiguration;
			buildSettings = {
				ALWAYS_SEARCH_USER_PATHS = NO;
				CLANG_ANALYZER_NONNULL = YES;
				CLANG_ANALYZER_NUMBER_OBJECT_CONVERSION = YES_AGGRESSIVE;
				CLANG_CXX_LANGUAGE_STANDARD = "gnu++14";
				CLANG_CXX_LIBRARY = "libc++";
				CLANG_ENABLE_MODULES = YES;
				CLANG_ENABLE_OBJC_ARC = YES;
				CLANG_ENABLE_OBJC_WEAK = YES;
				CLANG_WARN_BLOCK_CAPTURE_AUTORELEASING = YES;
				CLANG_WARN_BOOL_CONVERSION = YES;
				CLANG_WARN_COMMA = YES;
				CLANG_WARN_CONSTANT_CONVERSION = YES;
				CLANG_WARN_DEPRECATED_OBJC_IMPLEMENTATIONS = YES;
				CLANG_WARN_DIRECT_OBJC_ISA_USAGE = YES_ERROR;
				CLANG_WARN_DOCUMENTATION_COMMENTS = YES;
				CLANG_WARN_EMPTY_BODY = YES;
				CLANG_WARN_ENUM_CONVERSION = YES;
				CLANG_WARN_INFINITE_RECURSION = YES;
				CLANG_WARN_INT_CONVERSION = YES;
				CLANG_WARN_NON_LITERAL_NULL_CONVERSION = YES;
				CLANG_WARN_OBJC_IMPLICIT_RETAIN_SELF = YES;
				CLANG_WARN_OBJC_LITERAL_CONVERSION = YES;
				CLANG_WARN_OBJC_ROOT_CLASS = YES_ERROR;
				CLANG_WARN_RANGE_LOOP_ANALYSIS = YES;
				CLANG_WARN_STRICT_PROTOTYPES = YES;
				CLANG_WARN_SUSPICIOUS_MOVE = YES;
				CLANG_WARN_UNGUARDED_AVAILABILITY = YES_AGGRESSIVE;
				CLANG_WARN_UNREACHABLE_CODE = YES;
				CLANG_WARN__DUPLICATE_METHOD_MATCH = YES;
				COPY_PHASE_STRIP = NO;
				DEBUG_INFORMATION_FORMAT = "dwarf-with-dsym";
				ENABLE_NS_ASSERTIONS = NO;
				ENABLE_STRICT_OBJC_MSGSEND = YES;
				GCC_C_LANGUAGE_STANDARD = gnu11;
				GCC_NO_COMMON_BLOCKS = YES;
				GCC_WARN_64_TO_32_BIT_CONVERSION = YES;
				GCC_WARN_ABOUT_RETURN_TYPE = YES_ERROR;
				GCC_WARN_UNDECLARED_SELECTOR = YES;
				GCC_WARN_UNINITIALIZED_AUTOS = YES_AGGRESSIVE;
				GCC_WARN_UNUSED_FUNCTION = YES;
				GCC_WARN_UNUSED_VARIABLE = YES;
				IPHONEOS_DEPLOYMENT_TARGET = 13.6;
				MTL_ENABLE_DEBUG_INFO = NO;
				MTL_FAST_MATH = YES;
				SDKROOT = iphoneos;
				SWIFT_COMPILATION_MODE = wholemodule;
				SWIFT_OPTIMIZATION_LEVEL = "-O";
				VALIDATE_PRODUCT = YES;
			};
			name = Release;
		};
		09281CDA250417D500B86721 /* Debug */ = {
			isa = XCBuildConfiguration;
			buildSettings = {
				ASSETCATALOG_COMPILER_APPICON_NAME = AppIcon;
				CODE_SIGN_STYLE = Automatic;
				INFOPLIST_FILE = "To-Do-List/Info.plist";
				LD_RUNPATH_SEARCH_PATHS = (
					"$(inherited)",
					"@executable_path/Frameworks",
				);
				PRODUCT_BUNDLE_IDENTIFIER = "To-Do-List.To-Do-List";
				PRODUCT_NAME = "$(TARGET_NAME)";
				SWIFT_VERSION = 5.0;
				TARGETED_DEVICE_FAMILY = "1,2";
			};
			name = Debug;
		};
		09281CDB250417D500B86721 /* Release */ = {
			isa = XCBuildConfiguration;
			buildSettings = {
				ASSETCATALOG_COMPILER_APPICON_NAME = AppIcon;
				CODE_SIGN_STYLE = Automatic;
				INFOPLIST_FILE = "To-Do-List/Info.plist";
				LD_RUNPATH_SEARCH_PATHS = (
					"$(inherited)",
					"@executable_path/Frameworks",
				);
				PRODUCT_BUNDLE_IDENTIFIER = "To-Do-List.To-Do-List";
				PRODUCT_NAME = "$(TARGET_NAME)";
				SWIFT_VERSION = 5.0;
				TARGETED_DEVICE_FAMILY = "1,2";
			};
			name = Release;
		};
		09281CDD250417D500B86721 /* Debug */ = {
			isa = XCBuildConfiguration;
			buildSettings = {
				ALWAYS_EMBED_SWIFT_STANDARD_LIBRARIES = YES;
				BUNDLE_LOADER = "$(TEST_HOST)";
				CODE_SIGN_STYLE = Automatic;
				INFOPLIST_FILE = "To-Do-ListTests/Info.plist";
				IPHONEOS_DEPLOYMENT_TARGET = 13.6;
				LD_RUNPATH_SEARCH_PATHS = (
					"$(inherited)",
					"@executable_path/Frameworks",
					"@loader_path/Frameworks",
				);
				PRODUCT_BUNDLE_IDENTIFIER = "To-Do-List.To-Do-ListTests";
				PRODUCT_NAME = "$(TARGET_NAME)";
				SWIFT_VERSION = 5.0;
				TARGETED_DEVICE_FAMILY = "1,2";
				TEST_HOST = "$(BUILT_PRODUCTS_DIR)/To-Do-List.app/To-Do-List";
			};
			name = Debug;
		};
		09281CDE250417D500B86721 /* Release */ = {
			isa = XCBuildConfiguration;
			buildSettings = {
				ALWAYS_EMBED_SWIFT_STANDARD_LIBRARIES = YES;
				BUNDLE_LOADER = "$(TEST_HOST)";
				CODE_SIGN_STYLE = Automatic;
				INFOPLIST_FILE = "To-Do-ListTests/Info.plist";
				IPHONEOS_DEPLOYMENT_TARGET = 13.6;
				LD_RUNPATH_SEARCH_PATHS = (
					"$(inherited)",
					"@executable_path/Frameworks",
					"@loader_path/Frameworks",
				);
				PRODUCT_BUNDLE_IDENTIFIER = "To-Do-List.To-Do-ListTests";
				PRODUCT_NAME = "$(TARGET_NAME)";
				SWIFT_VERSION = 5.0;
				TARGETED_DEVICE_FAMILY = "1,2";
				TEST_HOST = "$(BUILT_PRODUCTS_DIR)/To-Do-List.app/To-Do-List";
			};
			name = Release;
		};
		09281CE0250417D500B86721 /* Debug */ = {
			isa = XCBuildConfiguration;
			buildSettings = {
				ALWAYS_EMBED_SWIFT_STANDARD_LIBRARIES = YES;
				CODE_SIGN_STYLE = Automatic;
				INFOPLIST_FILE = "To-Do-ListUITests/Info.plist";
				LD_RUNPATH_SEARCH_PATHS = (
					"$(inherited)",
					"@executable_path/Frameworks",
					"@loader_path/Frameworks",
				);
				PRODUCT_BUNDLE_IDENTIFIER = "To-Do-List.To-Do-ListUITests";
				PRODUCT_NAME = "$(TARGET_NAME)";
				SWIFT_VERSION = 5.0;
				TARGETED_DEVICE_FAMILY = "1,2";
				TEST_TARGET_NAME = "To-Do-List";
			};
			name = Debug;
		};
		09281CE1250417D500B86721 /* Release */ = {
			isa = XCBuildConfiguration;
			buildSettings = {
				ALWAYS_EMBED_SWIFT_STANDARD_LIBRARIES = YES;
				CODE_SIGN_STYLE = Automatic;
				INFOPLIST_FILE = "To-Do-ListUITests/Info.plist";
				LD_RUNPATH_SEARCH_PATHS = (
					"$(inherited)",
					"@executable_path/Frameworks",
					"@loader_path/Frameworks",
				);
				PRODUCT_BUNDLE_IDENTIFIER = "To-Do-List.To-Do-ListUITests";
				PRODUCT_NAME = "$(TARGET_NAME)";
				SWIFT_VERSION = 5.0;
				TARGETED_DEVICE_FAMILY = "1,2";
				TEST_TARGET_NAME = "To-Do-List";
			};
			name = Release;
		};
/* End XCBuildConfiguration section */

/* Begin XCConfigurationList section */
		09281CAA250417D400B86721 /* Build configuration list for PBXProject "To-Do-List" */ = {
			isa = XCConfigurationList;
			buildConfigurations = (
				09281CD7250417D500B86721 /* Debug */,
				09281CD8250417D500B86721 /* Release */,
			);
			defaultConfigurationIsVisible = 0;
			defaultConfigurationName = Release;
		};
		09281CD9250417D500B86721 /* Build configuration list for PBXNativeTarget "To-Do-List" */ = {
			isa = XCConfigurationList;
			buildConfigurations = (
				09281CDA250417D500B86721 /* Debug */,
				09281CDB250417D500B86721 /* Release */,
			);
			defaultConfigurationIsVisible = 0;
			defaultConfigurationName = Release;
		};
		09281CDC250417D500B86721 /* Build configuration list for PBXNativeTarget "To-Do-ListTests" */ = {
			isa = XCConfigurationList;
			buildConfigurations = (
				09281CDD250417D500B86721 /* Debug */,
				09281CDE250417D500B86721 /* Release */,
			);
			defaultConfigurationIsVisible = 0;
			defaultConfigurationName = Release;
		};
		09281CDF250417D500B86721 /* Build configuration list for PBXNativeTarget "To-Do-ListUITests" */ = {
			isa = XCConfigurationList;
			buildConfigurations = (
				09281CE0250417D500B86721 /* Debug */,
				09281CE1250417D500B86721 /* Release */,
			);
			defaultConfigurationIsVisible = 0;
			defaultConfigurationName = Release;
		};
/* End XCConfigurationList section */
	};
	rootObject = 09281CA7250417D400B86721 /* Project object */;
}
